
Microsoft Visual Studio Solution File, Format Version 12.00
# Visual Studio Version 16
VisualStudioVersion = 16.0.31515.178
MinimumVisualStudioVersion = 10.0.40219.1
Project("{FAE04EC0-301F-11D3-BF4B-00C04F79EFBC}") = "my-books", "my-books\my-books.csproj", "{29611A8E-1813-428C-8598-D407595BA918}"
EndProject
Global
	GlobalSection(SolutionConfigurationPlatforms) = preSolution
		Debug|Any CPU = Debug|Any CPU
		Release|Any CPU = Release|Any CPU
	EndGlobalSection
	GlobalSection(ProjectConfigurationPlatforms) = postSolution
		{29611A8E-1813-428C-8598-D407595BA918}.Debug|Any CPU.ActiveCfg = Debug|Any CPU
		{29611A8E-1813-428C-8598-D407595BA918}.Debug|Any CPU.Build.0 = Debug|Any CPU
		{29611A8E-1813-428C-8598-D407595BA918}.Release|Any CPU.ActiveCfg = Release|Any CPU
		{29611A8E-1813-428C-8598-D407595BA918}.Release|Any CPU.Build.0 = Release|Any CPU
	EndGlobalSection
	GlobalSection(SolutionProperties) = preSolution
		HideSolutionNode = FALSE
	EndGlobalSection
	GlobalSection(ExtensibilityGlobals) = postSolution
		SolutionGuid = {EE9AAA27-BC8F-480A-B615-36D8EDF60E45}
	EndGlobalSection
EndGlobal
